
Microsoft Visual Studio Solution File, Format Version 12.00
# Visual Studio Version 17
VisualStudioVersion = 17.5.33516.290
MinimumVisualStudioVersion = 10.0.40219.1
Project("{FAE04EC0-301F-11D3-BF4B-00C04F79EFBC}") = "NZWalksAPI", "NZWalksAPI\NZWalksAPI.csproj", "{EB1ECF4C-E165-4769-A29F-57DCA83FCA49}"
EndProject
Global
	GlobalSection(SolutionConfigurationPlatforms) = preSolution
		Debug|Any CPU = Debug|Any CPU
		Release|Any CPU = Release|Any CPU
	EndGlobalSection
	GlobalSection(ProjectConfigurationPlatforms) = postSolution
		{EB1ECF4C-E165-4769-A29F-57DCA83FCA49}.Debug|Any CPU.ActiveCfg = Debug|Any CPU
		{EB1ECF4C-E165-4769-A29F-57DCA83FCA49}.Debug|Any CPU.Build.0 = Debug|Any CPU
		{EB1ECF4C-E165-4769-A29F-57DCA83FCA49}.Release|Any CPU.ActiveCfg = Release|Any CPU
		{EB1ECF4C-E165-4769-A29F-57DCA83FCA49}.Release|Any CPU.Build.0 = Release|Any CPU
	EndGlobalSection
	GlobalSection(SolutionProperties) = preSolution
		HideSolutionNode = FALSE
	EndGlobalSection
	GlobalSection(ExtensibilityGlobals) = postSolution
		SolutionGuid = {DF76FB42-CEC3-450A-B87C-5C8F3049C928}
	EndGlobalSection
EndGlobal
